# Lockfile v4
# This file is automatically generated by Wapm.
# It is not intended for manual editing. The schema of this file may change.
[modules."badel2/slime_seed_finder"."0.1.1".slime_seed_finder]
name = "slime_seed_finder"
package_version = "0.1.1"
package_name = "badel2/slime_seed_finder"
package_path = "badel2/slime_seed_finder@0.1.1"
resolved = "local"
resolved_source = "local"
abi = "wasi"
source = "target/wasm32-wasi/release/slime_seed_finder.wasm"
[commands.slime_seed_finder]
name = "slime_seed_finder"
package_name = "badel2/slime_seed_finder"
package_version = "0.1.1"
module = "slime_seed_finder"
is_top_level_dependency = true
